
Microsoft Visual Studio Solution File, Format Version 12.00
# Visual Studio Version 16
VisualStudioVersion = 16.0.31911.196
MinimumVisualStudioVersion = 10.0.40219.1
Project("{FAE04EC0-301F-11D3-BF4B-00C04F79EFBC}") = "WpfApp1", "WpfApp1\WpfApp1.csproj", "{4506932E-F57F-44F0-AA43-D88F6436BB2F}"
EndProject
Global
	GlobalSection(SolutionConfigurationPlatforms) = preSolution
		Debug|Any CPU = Debug|Any CPU
		Release|Any CPU = Release|Any CPU
	EndGlobalSection
	GlobalSection(ProjectConfigurationPlatforms) = postSolution
		{4506932E-F57F-44F0-AA43-D88F6436BB2F}.Debug|Any CPU.ActiveCfg = Debug|Any CPU
		{4506932E-F57F-44F0-AA43-D88F6436BB2F}.Debug|Any CPU.Build.0 = Debug|Any CPU
		{4506932E-F57F-44F0-AA43-D88F6436BB2F}.Release|Any CPU.ActiveCfg = Release|Any CPU
		{4506932E-F57F-44F0-AA43-D88F6436BB2F}.Release|Any CPU.Build.0 = Release|Any CPU
	EndGlobalSection
	GlobalSection(SolutionProperties) = preSolution
		HideSolutionNode = FALSE
	EndGlobalSection
	GlobalSection(ExtensibilityGlobals) = postSolution
		SolutionGuid = {35B757E1-C997-4FF8-97BA-7B98D252065F}
	EndGlobalSection
EndGlobal
